// !$*UTF8*$!
{
	archiveVersion = 1;
	classes = {
	};
	objectVersion = 77;
	objects = {

/* Begin PBXBuildFile section */
		A2000000000000000000000A /* PulseWatchShared.framework in Frameworks */ = {isa = PBXBuildFile; fileRef = A20000000000000000000001 /* PulseWatchShared.framework */; };
		A2000000000000000000000B /* PulseWatchShared.framework in Frameworks */ = {isa = PBXBuildFile; fileRef = A20000000000000000000001 /* PulseWatchShared.framework */; };
		A2000000000000000000000C /* PulseWatchShared.framework in Frameworks */ = {isa = PBXBuildFile; fileRef = A20000000000000000000001 /* PulseWatchShared.framework */; };
		A2000000000000000000000D /* PulseWatchShared.framework in Frameworks */ = {isa = PBXBuildFile; fileRef = A20000000000000000000001 /* PulseWatchShared.framework */; };
		A2000000000000000000000E /* PulseWatchShared.framework in Frameworks */ = {isa = PBXBuildFile; fileRef = A20000000000000000000001 /* PulseWatchShared.framework */; };
		A3000000000000000000000F /* PulseWatch.app in Embed Watch Content */ = {isa = PBXBuildFile; fileRef = A30000000000000000000001 /* PulseWatch.app */; settings = {ATTRIBUTES = (RemoveHeadersOnCopy, ); }; };
		A4000000000000000000000F /* PulseWatchWidgetsExtension.appex in Embed Foundation Extensions */ = {isa = PBXBuildFile; fileRef = A40000000000000000000001 /* PulseWatchWidgetsExtension.appex */; settings = {ATTRIBUTES = (RemoveHeadersOnCopy, ); }; };
		A60000000000000000000001 /* PulseWatchAssets/Assets.xcassets in Resources */ = {isa = PBXBuildFile; fileRef = A60000000000000000000003 /* PulseWatchAssets/Assets.xcassets */; };
		A60000000000000000000002 /* PulseWatchAssets/Assets.xcassets in Resources */ = {isa = PBXBuildFile; fileRef = A60000000000000000000003 /* PulseWatchAssets/Assets.xcassets */; };
		A60000000000000000000005 /* PulseWatchAssets/PrivacyInfo.xcprivacy in Resources */ = {isa = PBXBuildFile; fileRef = A60000000000000000000004 /* PulseWatchAssets/PrivacyInfo.xcprivacy */; };
		A60000000000000000000006 /* PulseWatchAssets/PrivacyInfo.xcprivacy in Resources */ = {isa = PBXBuildFile; fileRef = A60000000000000000000004 /* PulseWatchAssets/PrivacyInfo.xcprivacy */; };
		E0C00000000000000000000E /* PulseCore.framework in Frameworks */ = {isa = PBXBuildFile; fileRef = E0C000000000000000000001 /* PulseCore.framework */; };
		E0C00000000000000000000F /* PulseCore.framework in Frameworks */ = {isa = PBXBuildFile; fileRef = E0C000000000000000000001 /* PulseCore.framework */; };
		F0D00000000000000000000C /* PulseCore.framework in Frameworks */ = {isa = PBXBuildFile; fileRef = E0C000000000000000000001 /* PulseCore.framework */; };
		F0D00000000000000000000F /* PulseWidgetsExtension.appex in Embed Foundation Extensions */ = {isa = PBXBuildFile; fileRef = F0D000000000000000000001 /* PulseWidgetsExtension.appex */; settings = {ATTRIBUTES = (RemoveHeadersOnCopy, ); }; };
		F0D000000000000000000012 /* pulse/Assets.xcassets in Resources */ = {isa = PBXBuildFile; fileRef = F0D000000000000000000011 /* pulse/Assets.xcassets */; };
/* End PBXBuildFile section */

/* Begin PBXContainerItemProxy section */
		A20000000000000000000010 /* PBXContainerItemProxy */ = {
			isa = PBXContainerItemProxy;
			containerPortal = B9538A7A3029A88800432B53 /* Project object */;
			proxyType = 1;
			remoteGlobalIDString = A20000000000000000000006;
			remoteInfo = PulseWatchShared;
		};
		A20000000000000000000011 /* PBXContainerItemProxy */ = {
			isa = PBXContainerItemProxy;
			containerPortal = B9538A7A3029A88800432B53 /* Project object */;
			proxyType = 1;
			remoteGlobalIDString = A20000000000000000000006;
			remoteInfo = PulseWatchShared;
		};
		A20000000000000000000012 /* PBXContainerItemProxy */ = {
			isa = PBXContainerItemProxy;
			containerPortal = B9538A7A3029A88800432B53 /* Project object */;
			proxyType = 1;
			remoteGlobalIDString = A20000000000000000000006;
			remoteInfo = PulseWatchShared;
		};
		A3000000000000000000000A /* PBXContainerItemProxy */ = {
			isa = PBXContainerItemProxy;
			containerPortal = B9538A7A3029A88800432B53 /* Project object */;
			proxyType = 1;
			remoteGlobalIDString = A30000000000000000000006;
			remoteInfo = PulseWatch;
		};
		A3000000000000000000000B /* PBXContainerItemProxy */ = {
			isa = PBXContainerItemProxy;
			containerPortal = B9538A7A3029A88800432B53 /* Project object */;
			proxyType = 1;
			remoteGlobalIDString = A20000000000000000000006;
			remoteInfo = PulseWatchShared;
		};
		A4000000000000000000000A /* PBXContainerItemProxy */ = {
			isa = PBXContainerItemProxy;
			containerPortal = B9538A7A3029A88800432B53 /* Project object */;
			proxyType = 1;
			remoteGlobalIDString = A40000000000000000000006;
			remoteInfo = PulseWatchWidgetsExtension;
		};
		A4000000000000000000000B /* PBXContainerItemProxy */ = {
			isa = PBXContainerItemProxy;
			containerPortal = B9538A7A3029A88800432B53 /* Project object */;
			proxyType = 1;
			remoteGlobalIDString = A20000000000000000000006;
			remoteInfo = PulseWatchShared;
		};
		C0D00000000000000000000A /* PBXContainerItemProxy */ = {
			isa = PBXContainerItemProxy;
			containerPortal = B9538A7A3029A88800432B53 /* Project object */;
			proxyType = 1;
			remoteGlobalIDString = B9538A813029A88800432B53;
			remoteInfo = pulse;
		};
		D0D00000000000000000000A /* PBXContainerItemProxy */ = {
			isa = PBXContainerItemProxy;
			containerPortal = B9538A7A3029A88800432B53 /* Project object */;
			proxyType = 1;
			remoteGlobalIDString = B9538A813029A88800432B53;
			remoteInfo = pulse;
		};
		E0C00000000000000000000A /* PBXContainerItemProxy */ = {
			isa = PBXContainerItemProxy;
			containerPortal = B9538A7A3029A88800432B53 /* Project object */;
			proxyType = 1;
			remoteGlobalIDString = E0C000000000000000000006;
			remoteInfo = PulseCore;
		};
		E0C00000000000000000000C /* PBXContainerItemProxy */ = {
			isa = PBXContainerItemProxy;
			containerPortal = B9538A7A3029A88800432B53 /* Project object */;
			proxyType = 1;
			remoteGlobalIDString = E0C000000000000000000006;
			remoteInfo = PulseCore;
		};
		F0D00000000000000000000A /* PBXContainerItemProxy */ = {
			isa = PBXContainerItemProxy;
			containerPortal = B9538A7A3029A88800432B53 /* Project object */;
			proxyType = 1;
			remoteGlobalIDString = E0C000000000000000000006;
			remoteInfo = PulseCore;
		};
		F0D00000000000000000000D /* PBXContainerItemProxy */ = {
			isa = PBXContainerItemProxy;
			containerPortal = B9538A7A3029A88800432B53 /* Project object */;
			proxyType = 1;
			remoteGlobalIDString = F0D000000000000000000006;
			remoteInfo = PulseWidgetsExtension;
		};
/* End PBXContainerItemProxy section */

/* Begin PBXCopyFilesBuildPhase section */
		A30000000000000000000030 /* Embed Watch Content */ = {
			isa = PBXCopyFilesBuildPhase;
			buildActionMask = 2147483647;
			dstPath = "$(CONTENTS_FOLDER_PATH)/Watch";
			dstSubfolderSpec = 16;
			files = (
				A3000000000000000000000F /* PulseWatch.app in Embed Watch Content */,
			);
			name = "Embed Watch Content";
			runOnlyForDeploymentPostprocessing = 0;
		};
		A40000000000000000000030 /* Embed Foundation Extensions */ = {
			isa = PBXCopyFilesBuildPhase;
			buildActionMask = 2147483647;
			dstPath = "";
			dstSubfolderSpec = 13;
			files = (
				A4000000000000000000000F /* PulseWatchWidgetsExtension.appex in Embed Foundation Extensions */,
			);
			name = "Embed Foundation Extensions";
			runOnlyForDeploymentPostprocessing = 0;
		};
		F0D000000000000000000010 /* Embed Foundation Extensions */ = {
			isa = PBXCopyFilesBuildPhase;
			buildActionMask = 2147483647;
			dstPath = "";
			dstSubfolderSpec = 13;
			files = (
				F0D00000000000000000000F /* PulseWidgetsExtension.appex in Embed Foundation Extensions */,
			);
			name = "Embed Foundation Extensions";
			runOnlyForDeploymentPostprocessing = 0;
		};
/* End PBXCopyFilesBuildPhase section */

/* Begin PBXFileReference section */
		A20000000000000000000001 /* PulseWatchShared.framework */ = {isa = PBXFileReference; explicitFileType = wrapper.framework; includeInIndex = 0; path = PulseWatchShared.framework; sourceTree = BUILT_PRODUCTS_DIR; };
		A30000000000000000000001 /* PulseWatch.app */ = {isa = PBXFileReference; explicitFileType = wrapper.application; includeInIndex = 0; path = PulseWatch.app; sourceTree = BUILT_PRODUCTS_DIR; };
		A40000000000000000000001 /* PulseWatchWidgetsExtension.appex */ = {isa = PBXFileReference; explicitFileType = "wrapper.app-extension"; includeInIndex = 0; path = PulseWatchWidgetsExtension.appex; sourceTree = BUILT_PRODUCTS_DIR; };
		A60000000000000000000003 /* PulseWatchAssets/Assets.xcassets */ = {isa = PBXFileReference; lastKnownFileType = folder.assetcatalog; path = PulseWatchAssets/Assets.xcassets; sourceTree = SOURCE_ROOT; };
		A60000000000000000000004 /* PulseWatchAssets/PrivacyInfo.xcprivacy */ = {isa = PBXFileReference; lastKnownFileType = text.xml; path = PulseWatchAssets/PrivacyInfo.xcprivacy; sourceTree = SOURCE_ROOT; };
		B9538A823029A88800432B53 /* pulse.app */ = {isa = PBXFileReference; explicitFileType = wrapper.application; includeInIndex = 0; path = pulse.app; sourceTree = BUILT_PRODUCTS_DIR; };
		C0D000000000000000000001 /* pulseTests.xctest */ = {isa = PBXFileReference; explicitFileType = wrapper.cfbundle; includeInIndex = 0; path = pulseTests.xctest; sourceTree = BUILT_PRODUCTS_DIR; };
		D0D000000000000000000001 /* pulseUITests.xctest */ = {isa = PBXFileReference; explicitFileType = wrapper.cfbundle; includeInIndex = 0; path = pulseUITests.xctest; sourceTree = BUILT_PRODUCTS_DIR; };
		E0C000000000000000000001 /* PulseCore.framework */ = {isa = PBXFileReference; explicitFileType = wrapper.framework; includeInIndex = 0; path = PulseCore.framework; sourceTree = BUILT_PRODUCTS_DIR; };
		F0D000000000000000000001 /* PulseWidgetsExtension.appex */ = {isa = PBXFileReference; explicitFileType = "wrapper.app-extension"; includeInIndex = 0; path = PulseWidgetsExtension.appex; sourceTree = BUILT_PRODUCTS_DIR; };
		F0D000000000000000000011 /* pulse/Assets.xcassets */ = {isa = PBXFileReference; lastKnownFileType = folder.assetcatalog; path = pulse/Assets.xcassets; sourceTree = SOURCE_ROOT; };
/* End PBXFileReference section */

/* Begin PBXFileSystemSynchronizedRootGroup section */
		A1D000000000000000000002 /* PulseWidgetUI */ = {
			isa = PBXFileSystemSynchronizedRootGroup;
			path = PulseWidgetUI;
			sourceTree = "<group>";
		};
		A20000000000000000000002 /* PulseWatchShared */ = {
			isa = PBXFileSystemSynchronizedRootGroup;
			path = PulseWatchShared;
			sourceTree = "<group>";
		};
		A30000000000000000000002 /* PulseWatch */ = {
			isa = PBXFileSystemSynchronizedRootGroup;
			path = PulseWatch;
			sourceTree = "<group>";
		};
		A40000000000000000000002 /* PulseWatchWidgets */ = {
			isa = PBXFileSystemSynchronizedRootGroup;
			path = PulseWatchWidgets;
			sourceTree = "<group>";
		};
		A50000000000000000000002 /* PulseWatchUI */ = {
			isa = PBXFileSystemSynchronizedRootGroup;
			path = PulseWatchUI;
			sourceTree = "<group>";
		};
		B9538A843029A88800432B53 /* pulse */ = {
			isa = PBXFileSystemSynchronizedRootGroup;
			path = pulse;
			sourceTree = "<group>";
		};
		C0D000000000000000000002 /* pulseTests */ = {
			isa = PBXFileSystemSynchronizedRootGroup;
			path = pulseTests;
			sourceTree = "<group>";
		};
		D0D000000000000000000002 /* pulseUITests */ = {
			isa = PBXFileSystemSynchronizedRootGroup;
			path = pulseUITests;
			sourceTree = "<group>";
		};
		E0C000000000000000000002 /* PulseCore */ = {
			isa = PBXFileSystemSynchronizedRootGroup;
			path = PulseCore;
			sourceTree = "<group>";
		};
		F0D000000000000000000002 /* PulseWidgets */ = {
			isa = PBXFileSystemSynchronizedRootGroup;
			path = PulseWidgets;
			sourceTree = "<group>";
		};
/* End PBXFileSystemSynchronizedRootGroup section */

/* Begin PBXFrameworksBuildPhase section */
		A20000000000000000000003 /* Frameworks */ = {
			isa = PBXFrameworksBuildPhase;
			buildActionMask = 2147483647;
			files = (
			);
			runOnlyForDeploymentPostprocessing = 0;
		};
		A30000000000000000000003 /* Frameworks */ = {
			isa = PBXFrameworksBuildPhase;
			buildActionMask = 2147483647;
			files = (
				A2000000000000000000000C /* PulseWatchShared.framework in Frameworks */,
			);
			runOnlyForDeploymentPostprocessing = 0;
		};
		A40000000000000000000003 /* Frameworks */ = {
			isa = PBXFrameworksBuildPhase;
			buildActionMask = 2147483647;
			files = (
				A2000000000000000000000D /* PulseWatchShared.framework in Frameworks */,
			);
			runOnlyForDeploymentPostprocessing = 0;
		};
		B9538A7F3029A88800432B53 /* Frameworks */ = {
			isa = PBXFrameworksBuildPhase;
			buildActionMask = 2147483647;
			files = (
				A2000000000000000000000A /* PulseWatchShared.framework in Frameworks */,
				E0C00000000000000000000E /* PulseCore.framework in Frameworks */,
			);
			runOnlyForDeploymentPostprocessing = 0;
		};
		C0D000000000000000000003 /* Frameworks */ = {
			isa = PBXFrameworksBuildPhase;
			buildActionMask = 2147483647;
			files = (
				A2000000000000000000000E /* PulseWatchShared.framework in Frameworks */,
				E0C00000000000000000000F /* PulseCore.framework in Frameworks */,
			);
			runOnlyForDeploymentPostprocessing = 0;
		};
		D0D000000000000000000003 /* Frameworks */ = {
			isa = PBXFrameworksBuildPhase;
			buildActionMask = 2147483647;
			files = (
			);
			runOnlyForDeploymentPostprocessing = 0;
		};
		E0C000000000000000000003 /* Frameworks */ = {
			isa = PBXFrameworksBuildPhase;
			buildActionMask = 2147483647;
			files = (
				A2000000000000000000000B /* PulseWatchShared.framework in Frameworks */,
			);
			runOnlyForDeploymentPostprocessing = 0;
		};
		F0D000000000000000000003 /* Frameworks */ = {
			isa = PBXFrameworksBuildPhase;
			buildActionMask = 2147483647;
			files = (
				F0D00000000000000000000C /* PulseCore.framework in Frameworks */,
			);
			runOnlyForDeploymentPostprocessing = 0;
		};
/* End PBXFrameworksBuildPhase section */

/* Begin PBXGroup section */
		B9538A793029A88800432B53 = {
			isa = PBXGroup;
			children = (
				B9538A843029A88800432B53 /* pulse */,
				E0C000000000000000000002 /* PulseCore */,
				A20000000000000000000002 /* PulseWatchShared */,
				F0D000000000000000000002 /* PulseWidgets */,
				A1D000000000000000000002 /* PulseWidgetUI */,
				A30000000000000000000002 /* PulseWatch */,
				A40000000000000000000002 /* PulseWatchWidgets */,
				A50000000000000000000002 /* PulseWatchUI */,
				A60000000000000000000003 /* PulseWatchAssets/Assets.xcassets */,
				A60000000000000000000004 /* PulseWatchAssets/PrivacyInfo.xcprivacy */,
				C0D000000000000000000002 /* pulseTests */,
				D0D000000000000000000002 /* pulseUITests */,
				B9538A833029A88800432B53 /* Products */,
				B9538B693029B4E800432B53 /* Recovered References */,
			);
			sourceTree = "<group>";
		};
		B9538A833029A88800432B53 /* Products */ = {
			isa = PBXGroup;
			children = (
				B9538A823029A88800432B53 /* pulse.app */,
				E0C000000000000000000001 /* PulseCore.framework */,
				A20000000000000000000001 /* PulseWatchShared.framework */,
				F0D000000000000000000001 /* PulseWidgetsExtension.appex */,
				A30000000000000000000001 /* PulseWatch.app */,
				A40000000000000000000001 /* PulseWatchWidgetsExtension.appex */,
				C0D000000000000000000001 /* pulseTests.xctest */,
				D0D000000000000000000001 /* pulseUITests.xctest */,
			);
			name = Products;
			sourceTree = "<group>";
		};
		B9538B693029B4E800432B53 /* Recovered References */ = {
			isa = PBXGroup;
			children = (
				F0D000000000000000000011 /* pulse/Assets.xcassets */,
			);
			name = "Recovered References";
			sourceTree = "<group>";
		};
/* End PBXGroup section */

/* Begin PBXNativeTarget section */
		A20000000000000000000006 /* PulseWatchShared */ = {
			isa = PBXNativeTarget;
			buildConfigurationList = A20000000000000000000007 /* Build configuration list for PBXNativeTarget "PulseWatchShared" */;
			buildPhases = (
				A20000000000000000000004 /* Sources */,
				A20000000000000000000003 /* Frameworks */,
			);
			buildRules = (
			);
			dependencies = (
			);
			fileSystemSynchronizedGroups = (
				A20000000000000000000002 /* PulseWatchShared */,
			);
			name = PulseWatchShared;
			packageProductDependencies = (
			);
			productName = PulseWatchShared;
			productReference = A20000000000000000000001 /* PulseWatchShared.framework */;
			productType = "com.apple.product-type.framework";
		};
		A30000000000000000000006 /* PulseWatch */ = {
			isa = PBXNativeTarget;
			buildConfigurationList = A30000000000000000000007 /* Build configuration list for PBXNativeTarget "PulseWatch" */;
			buildPhases = (
				A30000000000000000000004 /* Sources */,
				A30000000000000000000003 /* Frameworks */,
				A30000000000000000000005 /* Resources */,
				A40000000000000000000030 /* Embed Foundation Extensions */,
			);
			buildRules = (
			);
			dependencies = (
				A30000000000000000000020 /* PBXTargetDependency */,
				A40000000000000000000020 /* PBXTargetDependency */,
			);
			fileSystemSynchronizedGroups = (
				A30000000000000000000002 /* PulseWatch */,
				A50000000000000000000002 /* PulseWatchUI */,
			);
			name = PulseWatch;
			packageProductDependencies = (
			);
			productName = PulseWatch;
			productReference = A30000000000000000000001 /* PulseWatch.app */;
			productType = "com.apple.product-type.application";
		};
		A40000000000000000000006 /* PulseWatchWidgetsExtension */ = {
			isa = PBXNativeTarget;
			buildConfigurationList = A40000000000000000000007 /* Build configuration list for PBXNativeTarget "PulseWatchWidgetsExtension" */;
			buildPhases = (
				A40000000000000000000004 /* Sources */,
				A40000000000000000000003 /* Frameworks */,
				A40000000000000000000005 /* Resources */,
			);
			buildRules = (
			);
			dependencies = (
				A40000000000000000000021 /* PBXTargetDependency */,
			);
			fileSystemSynchronizedGroups = (
				A40000000000000000000002 /* PulseWatchWidgets */,
				A50000000000000000000002 /* PulseWatchUI */,
			);
			name = PulseWatchWidgetsExtension;
			packageProductDependencies = (
			);
			productName = PulseWatchWidgetsExtension;
			productReference = A40000000000000000000001 /* PulseWatchWidgetsExtension.appex */;
			productType = "com.apple.product-type.app-extension";
		};
		B9538A813029A88800432B53 /* pulse */ = {
			isa = PBXNativeTarget;
			buildConfigurationList = B9538A8D3029A88900432B53 /* Build configuration list for PBXNativeTarget "pulse" */;
			buildPhases = (
				B9538A7E3029A88800432B53 /* Sources */,
				B9538A7F3029A88800432B53 /* Frameworks */,
				B9538A803029A88800432B53 /* Resources */,
				F0D000000000000000000010 /* Embed Foundation Extensions */,
				A30000000000000000000030 /* Embed Watch Content */,
			);
			buildRules = (
			);
			dependencies = (
				E0C00000000000000000000B /* PBXTargetDependency */,
				F0D00000000000000000000E /* PBXTargetDependency */,
				A20000000000000000000021 /* PBXTargetDependency */,
				A30000000000000000000021 /* PBXTargetDependency */,
			);
			fileSystemSynchronizedGroups = (
				A1D000000000000000000002 /* PulseWidgetUI */,
				B9538A843029A88800432B53 /* pulse */,
			);
			name = pulse;
			packageProductDependencies = (
			);
			productName = pulse;
			productReference = B9538A823029A88800432B53 /* pulse.app */;
			productType = "com.apple.product-type.application";
		};
		C0D000000000000000000006 /* pulseTests */ = {
			isa = PBXNativeTarget;
			buildConfigurationList = C0D000000000000000000007 /* Build configuration list for PBXNativeTarget "pulseTests" */;
			buildPhases = (
				C0D000000000000000000004 /* Sources */,
				C0D000000000000000000003 /* Frameworks */,
				C0D000000000000000000005 /* Resources */,
			);
			buildRules = (
			);
			dependencies = (
				C0D00000000000000000000B /* PBXTargetDependency */,
				E0C00000000000000000000D /* PBXTargetDependency */,
				A20000000000000000000022 /* PBXTargetDependency */,
			);
			fileSystemSynchronizedGroups = (
				C0D000000000000000000002 /* pulseTests */,
			);
			name = pulseTests;
			packageProductDependencies = (
			);
			productName = pulseTests;
			productReference = C0D000000000000000000001 /* pulseTests.xctest */;
			productType = "com.apple.product-type.bundle.unit-test";
		};
		D0D000000000000000000006 /* pulseUITests */ = {
			isa = PBXNativeTarget;
			buildConfigurationList = D0D000000000000000000007 /* Build configuration list for PBXNativeTarget "pulseUITests" */;
			buildPhases = (
				D0D000000000000000000004 /* Sources */,
				D0D000000000000000000003 /* Frameworks */,
				D0D000000000000000000005 /* Resources */,
			);
			buildRules = (
			);
			dependencies = (
				D0D00000000000000000000B /* PBXTargetDependency */,
			);
			fileSystemSynchronizedGroups = (
				D0D000000000000000000002 /* pulseUITests */,
			);
			name = pulseUITests;
			packageProductDependencies = (
			);
			productName = pulseUITests;
			productReference = D0D000000000000000000001 /* pulseUITests.xctest */;
			productType = "com.apple.product-type.bundle.ui-testing";
		};
		E0C000000000000000000006 /* PulseCore */ = {
			isa = PBXNativeTarget;
			buildConfigurationList = E0C000000000000000000007 /* Build configuration list for PBXNativeTarget "PulseCore" */;
			buildPhases = (
				E0C000000000000000000004 /* Sources */,
				E0C000000000000000000003 /* Frameworks */,
			);
			buildRules = (
			);
			dependencies = (
				A20000000000000000000020 /* PBXTargetDependency */,
			);
			fileSystemSynchronizedGroups = (
				E0C000000000000000000002 /* PulseCore */,
			);
			name = PulseCore;
			packageProductDependencies = (
			);
			productName = PulseCore;
			productReference = E0C000000000000000000001 /* PulseCore.framework */;
			productType = "com.apple.product-type.framework";
		};
		F0D000000000000000000006 /* PulseWidgetsExtension */ = {
			isa = PBXNativeTarget;
			buildConfigurationList = F0D000000000000000000007 /* Build configuration list for PBXNativeTarget "PulseWidgetsExtension" */;
			buildPhases = (
				F0D000000000000000000004 /* Sources */,
				F0D000000000000000000003 /* Frameworks */,
				F0D000000000000000000005 /* Resources */,
			);
			buildRules = (
			);
			dependencies = (
				F0D00000000000000000000B /* PBXTargetDependency */,
			);
			fileSystemSynchronizedGroups = (
				A1D000000000000000000002 /* PulseWidgetUI */,
				F0D000000000000000000002 /* PulseWidgets */,
			);
			name = PulseWidgetsExtension;
			packageProductDependencies = (
			);
			productName = PulseWidgetsExtension;
			productReference = F0D000000000000000000001 /* PulseWidgetsExtension.appex */;
			productType = "com.apple.product-type.app-extension";
		};
/* End PBXNativeTarget section */

/* Begin PBXProject section */
		B9538A7A3029A88800432B53 /* Project object */ = {
			isa = PBXProject;
			attributes = {
				BuildIndependentTargetsInParallel = 1;
				LastSwiftUpdateCheck = 2640;
				LastUpgradeCheck = 2700;
				TargetAttributes = {
					A20000000000000000000006 = {
						CreatedOnToolsVersion = 26.4;
					};
					A30000000000000000000006 = {
						CreatedOnToolsVersion = 26.4;
						SystemCapabilities = {
							com.apple.ApplicationGroups.iOS = {
								enabled = 1;
							};
						};
					};
					A40000000000000000000006 = {
						CreatedOnToolsVersion = 26.4;
						SystemCapabilities = {
							com.apple.ApplicationGroups.iOS = {
								enabled = 1;
							};
						};
					};
					B9538A813029A88800432B53 = {
						CreatedOnToolsVersion = 26.4;
						SystemCapabilities = {
							com.apple.ApplicationGroups.iOS = {
								enabled = 1;
							};
						};
					};
					C0D000000000000000000006 = {
						CreatedOnToolsVersion = 26.4;
						TestTargetID = B9538A813029A88800432B53;
					};
					D0D000000000000000000006 = {
						CreatedOnToolsVersion = 26.4;
						TestTargetID = B9538A813029A88800432B53;
					};
					E0C000000000000000000006 = {
						CreatedOnToolsVersion = 26.4;
					};
					F0D000000000000000000006 = {
						CreatedOnToolsVersion = 26.4;
						SystemCapabilities = {
							com.apple.ApplicationGroups.iOS = {
								enabled = 1;
							};
						};
					};
				};
			};
			buildConfigurationList = B9538A7D3029A88800432B53 /* Build configuration list for PBXProject "pulse" */;
			developmentRegion = "zh-Hans";
			hasScannedForEncodings = 0;
			knownRegions = (
				en,
				"zh-Hans",
				Base,
			);
			mainGroup = B9538A793029A88800432B53;
			minimizedProjectReferenceProxies = 1;
			preferredProjectObjectVersion = 77;
			productRefGroup = B9538A833029A88800432B53 /* Products */;
			projectDirPath = "";
			projectRoot = "";
			targets = (
				B9538A813029A88800432B53 /* pulse */,
				A30000000000000000000006 /* PulseWatch */,
				A40000000000000000000006 /* PulseWatchWidgetsExtension */,
				E0C000000000000000000006 /* PulseCore */,
				A20000000000000000000006 /* PulseWatchShared */,
				F0D000000000000000000006 /* PulseWidgetsExtension */,
				C0D000000000000000000006 /* pulseTests */,
				D0D000000000000000000006 /* pulseUITests */,
			);
		};
/* End PBXProject section */

/* Begin PBXResourcesBuildPhase section */
		A30000000000000000000005 /* Resources */ = {
			isa = PBXResourcesBuildPhase;
			buildActionMask = 2147483647;
			files = (
				A60000000000000000000001 /* PulseWatchAssets/Assets.xcassets in Resources */,
				A60000000000000000000005 /* PulseWatchAssets/PrivacyInfo.xcprivacy in Resources */,
			);
			runOnlyForDeploymentPostprocessing = 0;
		};
		A40000000000000000000005 /* Resources */ = {
			isa = PBXResourcesBuildPhase;
			buildActionMask = 2147483647;
			files = (
				A60000000000000000000002 /* PulseWatchAssets/Assets.xcassets in Resources */,
				A60000000000000000000006 /* PulseWatchAssets/PrivacyInfo.xcprivacy in Resources */,
			);
			runOnlyForDeploymentPostprocessing = 0;
		};
		B9538A803029A88800432B53 /* Resources */ = {
			isa = PBXResourcesBuildPhase;
			buildActionMask = 2147483647;
			files = (
			);
			runOnlyForDeploymentPostprocessing = 0;
		};
		C0D000000000000000000005 /* Resources */ = {
			isa = PBXResourcesBuildPhase;
			buildActionMask = 2147483647;
			files = (
			);
			runOnlyForDeploymentPostprocessing = 0;
		};
		D0D000000000000000000005 /* Resources */ = {
			isa = PBXResourcesBuildPhase;
			buildActionMask = 2147483647;
			files = (
			);
			runOnlyForDeploymentPostprocessing = 0;
		};
		F0D000000000000000000005 /* Resources */ = {
			isa = PBXResourcesBuildPhase;
			buildActionMask = 2147483647;
			files = (
				F0D000000000000000000012 /* pulse/Assets.xcassets in Resources */,
			);
			runOnlyForDeploymentPostprocessing = 0;
		};
/* End PBXResourcesBuildPhase section */

/* Begin PBXSourcesBuildPhase section */
		A20000000000000000000004 /* Sources */ = {
			isa = PBXSourcesBuildPhase;
			buildActionMask = 2147483647;
			files = (
			);
			runOnlyForDeploymentPostprocessing = 0;
		};
		A30000000000000000000004 /* Sources */ = {
			isa = PBXSourcesBuildPhase;
			buildActionMask = 2147483647;
			files = (
			);
			runOnlyForDeploymentPostprocessing = 0;
		};
		A40000000000000000000004 /* Sources */ = {
			isa = PBXSourcesBuildPhase;
			buildActionMask = 2147483647;
			files = (
			);
			runOnlyForDeploymentPostprocessing = 0;
		};
		B9538A7E3029A88800432B53 /* Sources */ = {
			isa = PBXSourcesBuildPhase;
			buildActionMask = 2147483647;
			files = (
			);
			runOnlyForDeploymentPostprocessing = 0;
		};
		C0D000000000000000000004 /* Sources */ = {
			isa = PBXSourcesBuildPhase;
			buildActionMask = 2147483647;
			files = (
			);
			runOnlyForDeploymentPostprocessing = 0;
		};
		D0D000000000000000000004 /* Sources */ = {
			isa = PBXSourcesBuildPhase;
			buildActionMask = 2147483647;
			files = (
			);
			runOnlyForDeploymentPostprocessing = 0;
		};
		E0C000000000000000000004 /* Sources */ = {
			isa = PBXSourcesBuildPhase;
			buildActionMask = 2147483647;
			files = (
			);
			runOnlyForDeploymentPostprocessing = 0;
		};
		F0D000000000000000000004 /* Sources */ = {
			isa = PBXSourcesBuildPhase;
			buildActionMask = 2147483647;
			files = (
			);
			runOnlyForDeploymentPostprocessing = 0;
		};
/* End PBXSourcesBuildPhase section */

/* Begin PBXTargetDependency section */
		A20000000000000000000020 /* PBXTargetDependency */ = {
			isa = PBXTargetDependency;
			target = A20000000000000000000006 /* PulseWatchShared */;
			targetProxy = A20000000000000000000010 /* PBXContainerItemProxy */;
		};
		A20000000000000000000021 /* PBXTargetDependency */ = {
			isa = PBXTargetDependency;
			target = A20000000000000000000006 /* PulseWatchShared */;
			targetProxy = A20000000000000000000011 /* PBXContainerItemProxy */;
		};
		A20000000000000000000022 /* PBXTargetDependency */ = {
			isa = PBXTargetDependency;
			target = A20000000000000000000006 /* PulseWatchShared */;
			targetProxy = A20000000000000000000012 /* PBXContainerItemProxy */;
		};
		A30000000000000000000020 /* PBXTargetDependency */ = {
			isa = PBXTargetDependency;
			target = A20000000000000000000006 /* PulseWatchShared */;
			targetProxy = A3000000000000000000000B /* PBXContainerItemProxy */;
		};
		A30000000000000000000021 /* PBXTargetDependency */ = {
			isa = PBXTargetDependency;
			target = A30000000000000000000006 /* PulseWatch */;
			targetProxy = A3000000000000000000000A /* PBXContainerItemProxy */;
		};
		A40000000000000000000020 /* PBXTargetDependency */ = {
			isa = PBXTargetDependency;
			target = A40000000000000000000006 /* PulseWatchWidgetsExtension */;
			targetProxy = A4000000000000000000000A /* PBXContainerItemProxy */;
		};
		A40000000000000000000021 /* PBXTargetDependency */ = {
			isa = PBXTargetDependency;
			target = A20000000000000000000006 /* PulseWatchShared */;
			targetProxy = A4000000000000000000000B /* PBXContainerItemProxy */;
		};
		C0D00000000000000000000B /* PBXTargetDependency */ = {
			isa = PBXTargetDependency;
			target = B9538A813029A88800432B53 /* pulse */;
			targetProxy = C0D00000000000000000000A /* PBXContainerItemProxy */;
		};
		D0D00000000000000000000B /* PBXTargetDependency */ = {
			isa = PBXTargetDependency;
			target = B9538A813029A88800432B53 /* pulse */;
			targetProxy = D0D00000000000000000000A /* PBXContainerItemProxy */;
		};
		E0C00000000000000000000B /* PBXTargetDependency */ = {
			isa = PBXTargetDependency;
			target = E0C000000000000000000006 /* PulseCore */;
			targetProxy = E0C00000000000000000000A /* PBXContainerItemProxy */;
		};
		E0C00000000000000000000D /* PBXTargetDependency */ = {
			isa = PBXTargetDependency;
			target = E0C000000000000000000006 /* PulseCore */;
			targetProxy = E0C00000000000000000000C /* PBXContainerItemProxy */;
		};
		F0D00000000000000000000B /* PBXTargetDependency */ = {
			isa = PBXTargetDependency;
			target = E0C000000000000000000006 /* PulseCore */;
			targetProxy = F0D00000000000000000000A /* PBXContainerItemProxy */;
		};
		F0D00000000000000000000E /* PBXTargetDependency */ = {
			isa = PBXTargetDependency;
			target = F0D000000000000000000006 /* PulseWidgetsExtension */;
			targetProxy = F0D00000000000000000000D /* PBXContainerItemProxy */;
		};
/* End PBXTargetDependency section */

/* Begin XCBuildConfiguration section */
		A20000000000000000000008 /* Debug */ = {
			isa = XCBuildConfiguration;
			buildSettings = {
				APPLICATION_EXTENSION_API_ONLY = YES;
				CODE_SIGNING_ALLOWED = NO;
				CODE_SIGN_IDENTITY = "";
				DEFINES_MODULE = YES;
				ENABLE_MODULE_VERIFIER = YES;
				GENERATE_INFOPLIST_FILE = YES;
				IPHONEOS_DEPLOYMENT_TARGET = 18.0;
				MACH_O_TYPE = staticlib;
				MODULE_VERIFIER_SUPPORTED_LANGUAGE_STANDARDS = "gnu17 gnu++20";
				PRODUCT_BUNDLE_IDENTIFIER = co.fanr.pulse.watchshared;
				PRODUCT_NAME = "$(TARGET_NAME)";
				SDKROOT = auto;
				SKIP_INSTALL = YES;
				SUPPORTED_PLATFORMS = "iphoneos iphonesimulator watchos watchsimulator";
				SWIFT_APPROACHABLE_CONCURRENCY = YES;
				SWIFT_EMIT_LOC_STRINGS = NO;
				SWIFT_TREAT_WARNINGS_AS_ERRORS = YES;
				SWIFT_UPCOMING_FEATURE_MEMBER_IMPORT_VISIBILITY = YES;
				SWIFT_VERSION = 6.0;
				TARGETED_DEVICE_FAMILY = "1,2,4";
				WATCHOS_DEPLOYMENT_TARGET = 10.0;
			};
			name = Debug;
		};
		A20000000000000000000009 /* Release */ = {
			isa = XCBuildConfiguration;
			buildSettings = {
				APPLICATION_EXTENSION_API_ONLY = YES;
				CODE_SIGNING_ALLOWED = NO;
				CODE_SIGN_IDENTITY = "";
				DEFINES_MODULE = YES;
				ENABLE_MODULE_VERIFIER = YES;
				GENERATE_INFOPLIST_FILE = YES;
				IPHONEOS_DEPLOYMENT_TARGET = 18.0;
				MACH_O_TYPE = staticlib;
				MODULE_VERIFIER_SUPPORTED_LANGUAGE_STANDARDS = "gnu17 gnu++20";
				PRODUCT_BUNDLE_IDENTIFIER = co.fanr.pulse.watchshared;
				PRODUCT_NAME = "$(TARGET_NAME)";
				SDKROOT = auto;
				SKIP_INSTALL = YES;
				SUPPORTED_PLATFORMS = "iphoneos iphonesimulator watchos watchsimulator";
				SWIFT_APPROACHABLE_CONCURRENCY = YES;
				SWIFT_EMIT_LOC_STRINGS = NO;
				SWIFT_TREAT_WARNINGS_AS_ERRORS = YES;
				SWIFT_UPCOMING_FEATURE_MEMBER_IMPORT_VISIBILITY = YES;
				SWIFT_VERSION = 6.0;
				TARGETED_DEVICE_FAMILY = "1,2,4";
				WATCHOS_DEPLOYMENT_TARGET = 10.0;
			};
			name = Release;
		};
		A30000000000000000000008 /* Debug */ = {
			isa = XCBuildConfiguration;
			buildSettings = {
				ASSETCATALOG_COMPILER_APPICON_NAME = AppIcon;
				ASSETCATALOG_COMPILER_GLOBAL_ACCENT_COLOR_NAME = AccentColor;
				CODE_SIGN_ENTITLEMENTS = PulseWatch/PulseWatch.entitlements;
				CODE_SIGN_STYLE = Automatic;
				CURRENT_PROJECT_VERSION = 8;
				DEVELOPMENT_TEAM = 6N3D8YA2FY;
				ENABLE_PREVIEWS = YES;
				GENERATE_INFOPLIST_FILE = NO;
				INFOPLIST_FILE = "Config/PulseWatch-Info.plist";
				LD_RUNPATH_SEARCH_PATHS = (
					"$(inherited)",
					"@executable_path/Frameworks",
				);
				MARKETING_VERSION = 1.1;
				PRODUCT_BUNDLE_IDENTIFIER = co.fanr.pulse.dev.watchkitapp;
				PRODUCT_NAME = "$(TARGET_NAME)";
				PULSE_APP_GROUP_IDENTIFIER = group.co.fanr.pulse.dev;
				PULSE_COMPANION_BUNDLE_IDENTIFIER = co.fanr.pulse.dev;
				PULSE_DISPLAY_NAME = "一日一印 Dev";
				SDKROOT = watchos;
				SKIP_INSTALL = YES;
				STRING_CATALOG_GENERATE_SYMBOLS = YES;
				SUPPORTED_PLATFORMS = "watchos watchsimulator";
				SWIFT_APPROACHABLE_CONCURRENCY = YES;
				SWIFT_EMIT_LOC_STRINGS = YES;
				SWIFT_TREAT_WARNINGS_AS_ERRORS = YES;
				SWIFT_UPCOMING_FEATURE_MEMBER_IMPORT_VISIBILITY = YES;
				SWIFT_VERSION = 6.0;
				TARGETED_DEVICE_FAMILY = 4;
				WATCHOS_DEPLOYMENT_TARGET = 10.0;
			};
			name = Debug;
		};
		A30000000000000000000009 /* Release */ = {
			isa = XCBuildConfiguration;
			buildSettings = {
				ASSETCATALOG_COMPILER_APPICON_NAME = AppIcon;
				ASSETCATALOG_COMPILER_GLOBAL_ACCENT_COLOR_NAME = AccentColor;
				CODE_SIGN_ENTITLEMENTS = PulseWatch/PulseWatch.entitlements;
				CODE_SIGN_STYLE = Automatic;
				CURRENT_PROJECT_VERSION = 8;
				DEVELOPMENT_TEAM = 6N3D8YA2FY;
				ENABLE_PREVIEWS = YES;
				GENERATE_INFOPLIST_FILE = NO;
				INFOPLIST_FILE = "Config/PulseWatch-Info.plist";
				LD_RUNPATH_SEARCH_PATHS = (
					"$(inherited)",
					"@executable_path/Frameworks",
				);
				MARKETING_VERSION = 1.1;
				PRODUCT_BUNDLE_IDENTIFIER = co.fanr.pulse.watchkitapp;
				PRODUCT_NAME = "$(TARGET_NAME)";
				PULSE_APP_GROUP_IDENTIFIER = group.co.fanr.pulse;
				PULSE_COMPANION_BUNDLE_IDENTIFIER = co.fanr.pulse;
				PULSE_DISPLAY_NAME = "一日一印";
				SDKROOT = watchos;
				SKIP_INSTALL = YES;
				STRING_CATALOG_GENERATE_SYMBOLS = YES;
				SUPPORTED_PLATFORMS = "watchos watchsimulator";
				SWIFT_APPROACHABLE_CONCURRENCY = YES;
				SWIFT_EMIT_LOC_STRINGS = YES;
				SWIFT_TREAT_WARNINGS_AS_ERRORS = YES;
				SWIFT_UPCOMING_FEATURE_MEMBER_IMPORT_VISIBILITY = YES;
				SWIFT_VERSION = 6.0;
				TARGETED_DEVICE_FAMILY = 4;
				VALIDATE_PRODUCT = YES;
				WATCHOS_DEPLOYMENT_TARGET = 10.0;
			};
			name = Release;
		};
		A40000000000000000000008 /* Debug */ = {
			isa = XCBuildConfiguration;
			buildSettings = {
				APPLICATION_EXTENSION_API_ONLY = YES;
				ASSETCATALOG_COMPILER_GLOBAL_ACCENT_COLOR_NAME = AccentColor;
				CODE_SIGN_ENTITLEMENTS = PulseWatchWidgets/PulseWatchWidgets.entitlements;
				CODE_SIGN_STYLE = Automatic;
				CURRENT_PROJECT_VERSION = 8;
				DEVELOPMENT_TEAM = 6N3D8YA2FY;
				INFOPLIST_FILE = "Config/PulseWatchWidgets-Info.plist";
				LD_RUNPATH_SEARCH_PATHS = (
					"$(inherited)",
					"@executable_path/Frameworks",
					"@executable_path/../../Frameworks",
				);
				MARKETING_VERSION = 1.1;
				PRODUCT_BUNDLE_IDENTIFIER = co.fanr.pulse.dev.watchkitapp.widgets;
				PRODUCT_NAME = "$(TARGET_NAME)";
				PULSE_APP_GROUP_IDENTIFIER = group.co.fanr.pulse.dev;
				PULSE_DISPLAY_NAME = "一日一印 Dev";
				SDKROOT = watchos;
				SKIP_INSTALL = YES;
				STRING_CATALOG_GENERATE_SYMBOLS = YES;
				SUPPORTED_PLATFORMS = "watchos watchsimulator";
				SWIFT_APPROACHABLE_CONCURRENCY = YES;
				SWIFT_EMIT_LOC_STRINGS = YES;
				SWIFT_TREAT_WARNINGS_AS_ERRORS = YES;
				SWIFT_UPCOMING_FEATURE_MEMBER_IMPORT_VISIBILITY = YES;
				SWIFT_VERSION = 6.0;
				TARGETED_DEVICE_FAMILY = 4;
				WATCHOS_DEPLOYMENT_TARGET = 10.0;
			};
			name = Debug;
		};
		A40000000000000000000009 /* Release */ = {
			isa = XCBuildConfiguration;
			buildSettings = {
				APPLICATION_EXTENSION_API_ONLY = YES;
				ASSETCATALOG_COMPILER_GLOBAL_ACCENT_COLOR_NAME = AccentColor;
				CODE_SIGN_ENTITLEMENTS = PulseWatchWidgets/PulseWatchWidgets.entitlements;
				CODE_SIGN_STYLE = Automatic;
				CURRENT_PROJECT_VERSION = 8;
				DEVELOPMENT_TEAM = 6N3D8YA2FY;
				INFOPLIST_FILE = "Config/PulseWatchWidgets-Info.plist";
				LD_RUNPATH_SEARCH_PATHS = (
					"$(inherited)",
					"@executable_path/Frameworks",
					"@executable_path/../../Frameworks",
				);
				MARKETING_VERSION = 1.1;
				PRODUCT_BUNDLE_IDENTIFIER = co.fanr.pulse.watchkitapp.widgets;
				PRODUCT_NAME = "$(TARGET_NAME)";
				PULSE_APP_GROUP_IDENTIFIER = group.co.fanr.pulse;
				PULSE_DISPLAY_NAME = "一日一印";
				SDKROOT = watchos;
				SKIP_INSTALL = YES;
				STRING_CATALOG_GENERATE_SYMBOLS = YES;
				SUPPORTED_PLATFORMS = "watchos watchsimulator";
				SWIFT_APPROACHABLE_CONCURRENCY = YES;
				SWIFT_EMIT_LOC_STRINGS = YES;
				SWIFT_TREAT_WARNINGS_AS_ERRORS = YES;
				SWIFT_UPCOMING_FEATURE_MEMBER_IMPORT_VISIBILITY = YES;
				SWIFT_VERSION = 6.0;
				TARGETED_DEVICE_FAMILY = 4;
				WATCHOS_DEPLOYMENT_TARGET = 10.0;
			};
			name = Release;
		};
		B9538A8B3029A88900432B53 /* Debug */ = {
			isa = XCBuildConfiguration;
			buildSettings = {
				ALWAYS_SEARCH_USER_PATHS = NO;
				ASSETCATALOG_COMPILER_GENERATE_SWIFT_ASSET_SYMBOL_EXTENSIONS = YES;
				CLANG_ANALYZER_LOCALIZABILITY_NONLOCALIZED = YES;
				CLANG_ANALYZER_NONNULL = YES;
				CLANG_ANALYZER_NUMBER_OBJECT_CONVERSION = YES_AGGRESSIVE;
				CLANG_CXX_LANGUAGE_STANDARD = "gnu++20";
				CLANG_ENABLE_MODULES = YES;
				CLANG_ENABLE_OBJC_ARC = YES;
				CLANG_ENABLE_OBJC_WEAK = YES;
				CLANG_WARN_BLOCK_CAPTURE_AUTORELEASING = YES;
				CLANG_WARN_BOOL_CONVERSION = YES;
				CLANG_WARN_COMMA = YES;
				CLANG_WARN_CONSTANT_CONVERSION = YES;
				CLANG_WARN_DEPRECATED_OBJC_IMPLEMENTATIONS = YES;
				CLANG_WARN_DIRECT_OBJC_ISA_USAGE = YES_ERROR;
				CLANG_WARN_DOCUMENTATION_COMMENTS = YES;
				CLANG_WARN_EMPTY_BODY = YES;
				CLANG_WARN_ENUM_CONVERSION = YES;
				CLANG_WARN_INFINITE_RECURSION = YES;
				CLANG_WARN_INT_CONVERSION = YES;
				CLANG_WARN_NON_LITERAL_NULL_CONVERSION = YES;
				CLANG_WARN_OBJC_IMPLICIT_RETAIN_SELF = YES;
				CLANG_WARN_OBJC_LITERAL_CONVERSION = YES;
				CLANG_WARN_OBJC_ROOT_CLASS = YES_ERROR;
				CLANG_WARN_QUOTED_INCLUDE_IN_FRAMEWORK_HEADER = YES;
				CLANG_WARN_RANGE_LOOP_ANALYSIS = YES;
				CLANG_WARN_STRICT_PROTOTYPES = YES;
				CLANG_WARN_SUSPICIOUS_MOVE = YES;
				CLANG_WARN_UNGUARDED_AVAILABILITY = YES_AGGRESSIVE;
				CLANG_WARN_UNREACHABLE_CODE = YES;
				CLANG_WARN__DUPLICATE_METHOD_MATCH = YES;
				COPY_PHASE_STRIP = NO;
				DEBUG_INFORMATION_FORMAT = dwarf;
				DEVELOPMENT_TEAM = 6N3D8YA2FY;
				ENABLE_STRICT_OBJC_MSGSEND = YES;
				ENABLE_TESTABILITY = YES;
				ENABLE_USER_SCRIPT_SANDBOXING = YES;
				GCC_C_LANGUAGE_STANDARD = gnu17;
				GCC_DYNAMIC_NO_PIC = NO;
				GCC_NO_COMMON_BLOCKS = YES;
				GCC_OPTIMIZATION_LEVEL = 0;
				GCC_PREPROCESSOR_DEFINITIONS = (
					"DEBUG=1",
					"$(inherited)",
				);
				GCC_WARN_64_TO_32_BIT_CONVERSION = YES;
				GCC_WARN_ABOUT_RETURN_TYPE = YES_ERROR;
				GCC_WARN_UNDECLARED_SELECTOR = YES;
				GCC_WARN_UNINITIALIZED_AUTOS = YES_AGGRESSIVE;
				GCC_WARN_UNUSED_FUNCTION = YES;
				GCC_WARN_UNUSED_VARIABLE = YES;
				IPHONEOS_DEPLOYMENT_TARGET = 18.0;
				LOCALIZATION_PREFERS_STRING_CATALOGS = YES;
				MTL_ENABLE_DEBUG_INFO = INCLUDE_SOURCE;
				MTL_FAST_MATH = YES;
				ONLY_ACTIVE_ARCH = YES;
				PULSE_APP_GROUP_IDENTIFIER = group.co.fanr.pulse.dev;
				PULSE_DISPLAY_NAME = "一日一印 Dev";
				PULSE_URL_SCHEME = "pulse-dev";
				SDKROOT = iphoneos;
				STRING_CATALOG_GENERATE_SYMBOLS = YES;
				SWIFT_ACTIVE_COMPILATION_CONDITIONS = "DEBUG $(inherited)";
				SWIFT_OPTIMIZATION_LEVEL = "-Onone";
			};
			name = Debug;
		};
		B9538A8C3029A88900432B53 /* Release */ = {
			isa = XCBuildConfiguration;
			buildSettings = {
				ALWAYS_SEARCH_USER_PATHS = NO;
				ASSETCATALOG_COMPILER_GENERATE_SWIFT_ASSET_SYMBOL_EXTENSIONS = YES;
				CLANG_ANALYZER_LOCALIZABILITY_NONLOCALIZED = YES;
				CLANG_ANALYZER_NONNULL = YES;
				CLANG_ANALYZER_NUMBER_OBJECT_CONVERSION = YES_AGGRESSIVE;
				CLANG_CXX_LANGUAGE_STANDARD = "gnu++20";
				CLANG_ENABLE_MODULES = YES;
				CLANG_ENABLE_OBJC_ARC = YES;
				CLANG_ENABLE_OBJC_WEAK = YES;
				CLANG_WARN_BLOCK_CAPTURE_AUTORELEASING = YES;
				CLANG_WARN_BOOL_CONVERSION = YES;
				CLANG_WARN_COMMA = YES;
				CLANG_WARN_CONSTANT_CONVERSION = YES;
				CLANG_WARN_DEPRECATED_OBJC_IMPLEMENTATIONS = YES;
				CLANG_WARN_DIRECT_OBJC_ISA_USAGE = YES_ERROR;
				CLANG_WARN_DOCUMENTATION_COMMENTS = YES;
				CLANG_WARN_EMPTY_BODY = YES;
				CLANG_WARN_ENUM_CONVERSION = YES;
				CLANG_WARN_INFINITE_RECURSION = YES;
				CLANG_WARN_INT_CONVERSION = YES;
				CLANG_WARN_NON_LITERAL_NULL_CONVERSION = YES;
				CLANG_WARN_OBJC_IMPLICIT_RETAIN_SELF = YES;
				CLANG_WARN_OBJC_LITERAL_CONVERSION = YES;
				CLANG_WARN_OBJC_ROOT_CLASS = YES_ERROR;
				CLANG_WARN_QUOTED_INCLUDE_IN_FRAMEWORK_HEADER = YES;
				CLANG_WARN_RANGE_LOOP_ANALYSIS = YES;
				CLANG_WARN_STRICT_PROTOTYPES = YES;
				CLANG_WARN_SUSPICIOUS_MOVE = YES;
				CLANG_WARN_UNGUARDED_AVAILABILITY = YES_AGGRESSIVE;
				CLANG_WARN_UNREACHABLE_CODE = YES;
				CLANG_WARN__DUPLICATE_METHOD_MATCH = YES;
				COPY_PHASE_STRIP = NO;
				DEBUG_INFORMATION_FORMAT = "dwarf-with-dsym";
				DEVELOPMENT_TEAM = 6N3D8YA2FY;
				ENABLE_NS_ASSERTIONS = NO;
				ENABLE_STRICT_OBJC_MSGSEND = YES;
				ENABLE_USER_SCRIPT_SANDBOXING = YES;
				GCC_C_LANGUAGE_STANDARD = gnu17;
				GCC_NO_COMMON_BLOCKS = YES;
				GCC_WARN_64_TO_32_BIT_CONVERSION = YES;
				GCC_WARN_ABOUT_RETURN_TYPE = YES_ERROR;
				GCC_WARN_UNDECLARED_SELECTOR = YES;
				GCC_WARN_UNINITIALIZED_AUTOS = YES_AGGRESSIVE;
				GCC_WARN_UNUSED_FUNCTION = YES;
				GCC_WARN_UNUSED_VARIABLE = YES;
				IPHONEOS_DEPLOYMENT_TARGET = 18.0;
				LOCALIZATION_PREFERS_STRING_CATALOGS = YES;
				MTL_ENABLE_DEBUG_INFO = NO;
				MTL_FAST_MATH = YES;
				PULSE_APP_GROUP_IDENTIFIER = group.co.fanr.pulse;
				PULSE_DISPLAY_NAME = Pulse;
				PULSE_URL_SCHEME = pulse;
				SDKROOT = iphoneos;
				STRING_CATALOG_GENERATE_SYMBOLS = YES;
				SWIFT_COMPILATION_MODE = wholemodule;
				VALIDATE_PRODUCT = YES;
			};
			name = Release;
		};
		B9538A8E3029A88900432B53 /* Debug */ = {
			isa = XCBuildConfiguration;
			buildSettings = {
				ASSETCATALOG_COMPILER_APPICON_NAME = AppIcon;
				ASSETCATALOG_COMPILER_GLOBAL_ACCENT_COLOR_NAME = AccentColor;
				CODE_SIGN_ENTITLEMENTS = pulse/pulse.entitlements;
				CODE_SIGN_STYLE = Automatic;
				CURRENT_PROJECT_VERSION = 8;
				DEVELOPMENT_TEAM = 6N3D8YA2FY;
				ENABLE_PREVIEWS = YES;
				EXCLUDED_SOURCE_FILE_NAMES = InfoPlist.xcstrings;
				GENERATE_INFOPLIST_FILE = NO;
				INFOPLIST_FILE = "Config/Pulse-Info.plist";
				LD_RUNPATH_SEARCH_PATHS = (
					"$(inherited)",
					"@executable_path/Frameworks",
				);
				MARKETING_VERSION = 1.1;
				PRODUCT_BUNDLE_IDENTIFIER = co.fanr.pulse.dev;
				PRODUCT_NAME = "$(TARGET_NAME)";
				STRING_CATALOG_GENERATE_SYMBOLS = YES;
				SWIFT_APPROACHABLE_CONCURRENCY = YES;
				SWIFT_EMIT_LOC_STRINGS = YES;
				SWIFT_TREAT_WARNINGS_AS_ERRORS = YES;
				SWIFT_UPCOMING_FEATURE_MEMBER_IMPORT_VISIBILITY = YES;
				SWIFT_VERSION = 6.0;
				TARGETED_DEVICE_FAMILY = "1,2";
			};
			name = Debug;
		};
		B9538A8F3029A88900432B53 /* Release */ = {
			isa = XCBuildConfiguration;
			buildSettings = {
				ASSETCATALOG_COMPILER_APPICON_NAME = AppIcon;
				ASSETCATALOG_COMPILER_GLOBAL_ACCENT_COLOR_NAME = AccentColor;
				CODE_SIGN_ENTITLEMENTS = pulse/pulse.entitlements;
				CODE_SIGN_STYLE = Automatic;
				CURRENT_PROJECT_VERSION = 8;
				DEVELOPMENT_TEAM = 6N3D8YA2FY;
				ENABLE_PREVIEWS = YES;
				EXCLUDED_SOURCE_FILE_NAMES = PulseDebug.xcstrings;
				GENERATE_INFOPLIST_FILE = NO;
				INFOPLIST_FILE = "Config/Pulse-Info.plist";
				LD_RUNPATH_SEARCH_PATHS = (
					"$(inherited)",
					"@executable_path/Frameworks",
				);
				MARKETING_VERSION = 1.1;
				PRODUCT_BUNDLE_IDENTIFIER = co.fanr.pulse;
				PRODUCT_NAME = "$(TARGET_NAME)";
				STRING_CATALOG_GENERATE_SYMBOLS = YES;
				SWIFT_APPROACHABLE_CONCURRENCY = YES;
				SWIFT_EMIT_LOC_STRINGS = YES;
				SWIFT_TREAT_WARNINGS_AS_ERRORS = YES;
				SWIFT_UPCOMING_FEATURE_MEMBER_IMPORT_VISIBILITY = YES;
				SWIFT_VERSION = 6.0;
				TARGETED_DEVICE_FAMILY = "1,2";
			};
			name = Release;
		};
		C0D000000000000000000008 /* Debug */ = {
			isa = XCBuildConfiguration;
			buildSettings = {
				BUNDLE_LOADER = "$(TEST_HOST)";
				CODE_SIGN_STYLE = Automatic;
				CURRENT_PROJECT_VERSION = 1;
				DEVELOPMENT_TEAM = 6N3D8YA2FY;
				GENERATE_INFOPLIST_FILE = YES;
				IPHONEOS_DEPLOYMENT_TARGET = 18.0;
				LD_RUNPATH_SEARCH_PATHS = (
					"$(inherited)",
					"@executable_path/Frameworks",
					"@loader_path/Frameworks",
				);
				PRODUCT_BUNDLE_IDENTIFIER = co.fanr.pulse.tests;
				PRODUCT_NAME = "$(TARGET_NAME)";
				SWIFT_TREAT_WARNINGS_AS_ERRORS = YES;
				SWIFT_VERSION = 6.0;
				TARGETED_DEVICE_FAMILY = "1,2";
				TEST_HOST = "$(BUILT_PRODUCTS_DIR)/pulse.app/$(BUNDLE_EXECUTABLE_FOLDER_PATH)/pulse";
			};
			name = Debug;
		};
		C0D000000000000000000009 /* Release */ = {
			isa = XCBuildConfiguration;
			buildSettings = {
				BUNDLE_LOADER = "$(TEST_HOST)";
				CODE_SIGN_STYLE = Automatic;
				CURRENT_PROJECT_VERSION = 1;
				DEVELOPMENT_TEAM = 6N3D8YA2FY;
				GENERATE_INFOPLIST_FILE = YES;
				IPHONEOS_DEPLOYMENT_TARGET = 18.0;
				LD_RUNPATH_SEARCH_PATHS = (
					"$(inherited)",
					"@executable_path/Frameworks",
					"@loader_path/Frameworks",
				);
				PRODUCT_BUNDLE_IDENTIFIER = co.fanr.pulse.tests;
				PRODUCT_NAME = "$(TARGET_NAME)";
				SWIFT_TREAT_WARNINGS_AS_ERRORS = YES;
				SWIFT_VERSION = 6.0;
				TARGETED_DEVICE_FAMILY = "1,2";
				TEST_HOST = "$(BUILT_PRODUCTS_DIR)/pulse.app/$(BUNDLE_EXECUTABLE_FOLDER_PATH)/pulse";
			};
			name = Release;
		};
		D0D000000000000000000008 /* Debug */ = {
			isa = XCBuildConfiguration;
			buildSettings = {
				CODE_SIGN_STYLE = Automatic;
				CURRENT_PROJECT_VERSION = 1;
				DEVELOPMENT_TEAM = 6N3D8YA2FY;
				GENERATE_INFOPLIST_FILE = YES;
				IPHONEOS_DEPLOYMENT_TARGET = 18.0;
				PRODUCT_BUNDLE_IDENTIFIER = co.fanr.pulse.uitests;
				PRODUCT_NAME = "$(TARGET_NAME)";
				SWIFT_TREAT_WARNINGS_AS_ERRORS = YES;
				SWIFT_VERSION = 6.0;
				TARGETED_DEVICE_FAMILY = "1,2";
				TEST_TARGET_NAME = pulse;
			};
			name = Debug;
		};
		D0D000000000000000000009 /* Release */ = {
			isa = XCBuildConfiguration;
			buildSettings = {
				CODE_SIGN_STYLE = Automatic;
				CURRENT_PROJECT_VERSION = 1;
				DEVELOPMENT_TEAM = 6N3D8YA2FY;
				GENERATE_INFOPLIST_FILE = YES;
				IPHONEOS_DEPLOYMENT_TARGET = 18.0;
				PRODUCT_BUNDLE_IDENTIFIER = co.fanr.pulse.uitests;
				PRODUCT_NAME = "$(TARGET_NAME)";
				SWIFT_TREAT_WARNINGS_AS_ERRORS = YES;
				SWIFT_VERSION = 6.0;
				TARGETED_DEVICE_FAMILY = "1,2";
				TEST_TARGET_NAME = pulse;
			};
			name = Release;
		};
		E0C000000000000000000008 /* Debug */ = {
			isa = XCBuildConfiguration;
			buildSettings = {
				APPLICATION_EXTENSION_API_ONLY = YES;
				CODE_SIGNING_ALLOWED = NO;
				CODE_SIGN_IDENTITY = "";
				DEFINES_MODULE = YES;
				ENABLE_MODULE_VERIFIER = YES;
				GENERATE_INFOPLIST_FILE = YES;
				IPHONEOS_DEPLOYMENT_TARGET = 18.0;
				MACH_O_TYPE = staticlib;
				MODULE_VERIFIER_SUPPORTED_LANGUAGE_STANDARDS = "gnu17 gnu++20";
				PRODUCT_BUNDLE_IDENTIFIER = co.fanr.pulse.core;
				PRODUCT_NAME = "$(TARGET_NAME)";
				SKIP_INSTALL = YES;
				SWIFT_APPROACHABLE_CONCURRENCY = YES;
				SWIFT_EMIT_LOC_STRINGS = NO;
				SWIFT_TREAT_WARNINGS_AS_ERRORS = YES;
				SWIFT_UPCOMING_FEATURE_MEMBER_IMPORT_VISIBILITY = YES;
				SWIFT_VERSION = 6.0;
				TARGETED_DEVICE_FAMILY = "1,2";
			};
			name = Debug;
		};
		E0C000000000000000000009 /* Release */ = {
			isa = XCBuildConfiguration;
			buildSettings = {
				APPLICATION_EXTENSION_API_ONLY = YES;
				CODE_SIGNING_ALLOWED = NO;
				CODE_SIGN_IDENTITY = "";
				DEFINES_MODULE = YES;
				ENABLE_MODULE_VERIFIER = YES;
				GENERATE_INFOPLIST_FILE = YES;
				IPHONEOS_DEPLOYMENT_TARGET = 18.0;
				MACH_O_TYPE = staticlib;
				MODULE_VERIFIER_SUPPORTED_LANGUAGE_STANDARDS = "gnu17 gnu++20";
				PRODUCT_BUNDLE_IDENTIFIER = co.fanr.pulse.core;
				PRODUCT_NAME = "$(TARGET_NAME)";
				SKIP_INSTALL = YES;
				SWIFT_APPROACHABLE_CONCURRENCY = YES;
				SWIFT_EMIT_LOC_STRINGS = NO;
				SWIFT_TREAT_WARNINGS_AS_ERRORS = YES;
				SWIFT_UPCOMING_FEATURE_MEMBER_IMPORT_VISIBILITY = YES;
				SWIFT_VERSION = 6.0;
				TARGETED_DEVICE_FAMILY = "1,2";
			};
			name = Release;
		};
		F0D000000000000000000008 /* Debug */ = {
			isa = XCBuildConfiguration;
			buildSettings = {
				APPLICATION_EXTENSION_API_ONLY = YES;
				ASSETCATALOG_COMPILER_GLOBAL_ACCENT_COLOR_NAME = AccentColor;
				CODE_SIGN_ENTITLEMENTS = PulseWidgets/PulseWidgets.entitlements;
				CODE_SIGN_STYLE = Automatic;
				CURRENT_PROJECT_VERSION = 8;
				DEVELOPMENT_TEAM = 6N3D8YA2FY;
				INFOPLIST_FILE = "Config/PulseWidgets-Info.plist";
				IPHONEOS_DEPLOYMENT_TARGET = 18.0;
				LD_RUNPATH_SEARCH_PATHS = (
					"$(inherited)",
					"@executable_path/Frameworks",
					"@executable_path/../../Frameworks",
				);
				MARKETING_VERSION = 1.1;
				PRODUCT_BUNDLE_IDENTIFIER = co.fanr.pulse.dev.widgets;
				PRODUCT_NAME = "$(TARGET_NAME)";
				SKIP_INSTALL = YES;
				STRING_CATALOG_GENERATE_SYMBOLS = YES;
				SWIFT_APPROACHABLE_CONCURRENCY = YES;
				SWIFT_EMIT_LOC_STRINGS = YES;
				SWIFT_TREAT_WARNINGS_AS_ERRORS = YES;
				SWIFT_UPCOMING_FEATURE_MEMBER_IMPORT_VISIBILITY = YES;
				SWIFT_VERSION = 6.0;
				TARGETED_DEVICE_FAMILY = "1,2";
			};
			name = Debug;
		};
		F0D000000000000000000009 /* Release */ = {
			isa = XCBuildConfiguration;
			buildSettings = {
				APPLICATION_EXTENSION_API_ONLY = YES;
				ASSETCATALOG_COMPILER_GLOBAL_ACCENT_COLOR_NAME = AccentColor;
				CODE_SIGN_ENTITLEMENTS = PulseWidgets/PulseWidgets.entitlements;
				CODE_SIGN_STYLE = Automatic;
				CURRENT_PROJECT_VERSION = 8;
				DEVELOPMENT_TEAM = 6N3D8YA2FY;
				INFOPLIST_FILE = "Config/PulseWidgets-Info.plist";
				IPHONEOS_DEPLOYMENT_TARGET = 18.0;
				LD_RUNPATH_SEARCH_PATHS = (
					"$(inherited)",
					"@executable_path/Frameworks",
					"@executable_path/../../Frameworks",
				);
				MARKETING_VERSION = 1.1;
				PRODUCT_BUNDLE_IDENTIFIER = co.fanr.pulse.widgets;
				PRODUCT_NAME = "$(TARGET_NAME)";
				SKIP_INSTALL = YES;
				STRING_CATALOG_GENERATE_SYMBOLS = YES;
				SWIFT_APPROACHABLE_CONCURRENCY = YES;
				SWIFT_EMIT_LOC_STRINGS = YES;
				SWIFT_TREAT_WARNINGS_AS_ERRORS = YES;
				SWIFT_UPCOMING_FEATURE_MEMBER_IMPORT_VISIBILITY = YES;
				SWIFT_VERSION = 6.0;
				TARGETED_DEVICE_FAMILY = "1,2";
			};
			name = Release;
		};
/* End XCBuildConfiguration section */

/* Begin XCConfigurationList section */
		A20000000000000000000007 /* Build configuration list for PBXNativeTarget "PulseWatchShared" */ = {
			isa = XCConfigurationList;
			buildConfigurations = (
				A20000000000000000000008 /* Debug */,
				A20000000000000000000009 /* Release */,
			);
			defaultConfigurationIsVisible = 0;
			defaultConfigurationName = Release;
		};
		A30000000000000000000007 /* Build configuration list for PBXNativeTarget "PulseWatch" */ = {
			isa = XCConfigurationList;
			buildConfigurations = (
				A30000000000000000000008 /* Debug */,
				A30000000000000000000009 /* Release */,
			);
			defaultConfigurationIsVisible = 0;
			defaultConfigurationName = Release;
		};
		A40000000000000000000007 /* Build configuration list for PBXNativeTarget "PulseWatchWidgetsExtension" */ = {
			isa = XCConfigurationList;
			buildConfigurations = (
				A40000000000000000000008 /* Debug */,
				A40000000000000000000009 /* Release */,
			);
			defaultConfigurationIsVisible = 0;
			defaultConfigurationName = Release;
		};
		B9538A7D3029A88800432B53 /* Build configuration list for PBXProject "pulse" */ = {
			isa = XCConfigurationList;
			buildConfigurations = (
				B9538A8B3029A88900432B53 /* Debug */,
				B9538A8C3029A88900432B53 /* Release */,
			);
			defaultConfigurationIsVisible = 0;
			defaultConfigurationName = Release;
		};
		B9538A8D3029A88900432B53 /* Build configuration list for PBXNativeTarget "pulse" */ = {
			isa = XCConfigurationList;
			buildConfigurations = (
				B9538A8E3029A88900432B53 /* Debug */,
				B9538A8F3029A88900432B53 /* Release */,
			);
			defaultConfigurationIsVisible = 0;
			defaultConfigurationName = Release;
		};
		C0D000000000000000000007 /* Build configuration list for PBXNativeTarget "pulseTests" */ = {
			isa = XCConfigurationList;
			buildConfigurations = (
				C0D000000000000000000008 /* Debug */,
				C0D000000000000000000009 /* Release */,
			);
			defaultConfigurationIsVisible = 0;
			defaultConfigurationName = Release;
		};
		D0D000000000000000000007 /* Build configuration list for PBXNativeTarget "pulseUITests" */ = {
			isa = XCConfigurationList;
			buildConfigurations = (
				D0D000000000000000000008 /* Debug */,
				D0D000000000000000000009 /* Release */,
			);
			defaultConfigurationIsVisible = 0;
			defaultConfigurationName = Release;
		};
		E0C000000000000000000007 /* Build configuration list for PBXNativeTarget "PulseCore" */ = {
			isa = XCConfigurationList;
			buildConfigurations = (
				E0C000000000000000000008 /* Debug */,
				E0C000000000000000000009 /* Release */,
			);
			defaultConfigurationIsVisible = 0;
			defaultConfigurationName = Release;
		};
		F0D000000000000000000007 /* Build configuration list for PBXNativeTarget "PulseWidgetsExtension" */ = {
			isa = XCConfigurationList;
			buildConfigurations = (
				F0D000000000000000000008 /* Debug */,
				F0D000000000000000000009 /* Release */,
			);
			defaultConfigurationIsVisible = 0;
			defaultConfigurationName = Release;
		};
/* End XCConfigurationList section */
	};
	rootObject = B9538A7A3029A88800432B53 /* Project object */;
}
